
Microsoft Visual Studio Solution File, Format Version 12.00
# Visual Studio Version 16
VisualStudioVersion = 16.0.29806.167
MinimumVisualStudioVersion = 10.0.40219.1
Project("{FAE04EC0-301F-11D3-BF4B-00C04F79EFBC}") = "Vidly-1.0", "Vidly-1.0.csproj", "{DBD03F52-9BC1-4392-B03D-D21291D4F1AB}"
EndProject
Global
	GlobalSection(SolutionConfigurationPlatforms) = preSolution
		Debug|Any CPU = Debug|Any CPU
		Release|Any CPU = Release|Any CPU
	EndGlobalSection
	GlobalSection(ProjectConfigurationPlatforms) = postSolution
		{DBD03F52-9BC1-4392-B03D-D21291D4F1AB}.Debug|Any CPU.ActiveCfg = Debug|Any CPU
		{DBD03F52-9BC1-4392-B03D-D21291D4F1AB}.Debug|Any CPU.Build.0 = Debug|Any CPU
		{DBD03F52-9BC1-4392-B03D-D21291D4F1AB}.Release|Any CPU.ActiveCfg = Release|Any CPU
		{DBD03F52-9BC1-4392-B03D-D21291D4F1AB}.Release|Any CPU.Build.0 = Release|Any CPU
	EndGlobalSection
	GlobalSection(SolutionProperties) = preSolution
		HideSolutionNode = FALSE
	EndGlobalSection
	GlobalSection(ExtensibilityGlobals) = postSolution
		SolutionGuid = {1037C692-84F6-44D9-9FA8-83F2A19A8CFF}
	EndGlobalSection
EndGlobal
